<?xml version="1.0" encoding="utf-8"?>
<Project ToolsVersion="4.0" xmlns="http://schemas.microsoft.com/developer/msbuild/2003">
  <ItemGroup>
    <Filter Include="Archivos de origen">
      <UniqueIdentifier>{4FC737F1-C7A5-4376-A066-2A32D752A2FF}</UniqueIdentifier>
      <Extensions>cpp;c;cc;cxx;c++;cppm;ixx;def;odl;idl;hpj;bat;asm;asmx</Extensions>
    </Filter>
    <Filter Include="Archivos de encabezado">
      <UniqueIdentifier>{93995380-89BD-4b04-88EB-625FBE52EBFB}</UniqueIdentifier>
      <Extensions>h;hh;hpp;hxx;h++;hm;inl;inc;ipp;xsd</Extensions>
    </Filter>
    <Filter Include="Archivos de recursos">
      <UniqueIdentifier>{67DA6AB6-F800-4c08-8B7A-83BB121AAD01}</UniqueIdentifier>
      <Extensions>rc;ico;cur;bmp;dlg;rc2;rct;bin;rgs;gif;jpg;jpeg;jpe;resx;tiff;tif;png;wav;mfcribbon-ms</Extensions>
    </Filter>
    <Filter Include="Archivos de origen\View">
      <UniqueIdentifier>{c9f3b93c-1315-4253-82e6-ea4731cac7a9}</UniqueIdentifier>
    </Filter>
    <Filter Include="Archivos de origen\Presenter">
      <UniqueIdentifier>{bca33545-9eab-4a7a-804f-21f2b30792c6}</UniqueIdentifier>
    </Filter>
    <Filter Include="Archivos de origen\Model">
      <UniqueIdentifier>{1769499c-5935-4146-955b-3937ff5c2567}</UniqueIdentifier>
    </Filter>
  </ItemGroup>
  <ItemGroup>
    <ClCompile Include="QuarkExamen - Alejandro Medina.cpp">
      <Filter>Archivos de origen</Filter>
    </ClCompile>
    <ClCompile Include="InterfaceViewer.cpp">
      <Filter>Archivos de origen\View</Filter>
    </ClCompile>
    <ClCompile Include="MainPresenter.cpp">
      <Filter>Archivos de origen\Presenter</Filter>
    </ClCompile>
    <ClCompile Include="MainShopModel.cpp">
      <Filter>Archivos de origen\Model</Filter>
    </ClCompile>
  </ItemGroup>
</Project>